PODS:
  - AFNetworking (4.0.1):
    - AFNetworking/NSURLSession (= 4.0.1)
    - AFNetworking/Reachability (= 4.0.1)
    - AFNetworking/Security (= 4.0.1)
    - AFNetworking/Serialization (= 4.0.1)
    - AFNetworking/UIKit (= 4.0.1)
  - AFNetworking/NSURLSession (4.0.1):
    - AFNetworking/Reachability
    - AFNetworking/Security
    - AFNetworking/Serialization
  - AFNetworking/Reachability (4.0.1)
  - AFNetworking/Security (4.0.1)
  - AFNetworking/Serialization (4.0.1)
  - AFNetworking/UIKit (4.0.1):
    - AFNetworking/NSURLSession
  - Alamofire (5.10.2)
  - AlicloudPDNS (2.1.9)
  - AliyunOSSiOS (2.11.2)
  - ASIHTTPRequest (1.8.2):
    - ASIHTTPRequest/ASIWebPageRequest (= 1.8.2)
    - ASIHTTPRequest/CloudFiles (= 1.8.2)
    - ASIHTTPRequest/Core (= 1.8.2)
    - ASIHTTPRequest/S3 (= 1.8.2)
  - ASIHTTPRequest/ASIWebPageRequest (1.8.2):
    - ASIHTTPRequest/Core
  - ASIHTTPRequest/CloudFiles (1.8.2):
    - ASIHTTPRequest/Core
  - ASIHTTPRequest/Core (1.8.2):
    - Reachability
  - ASIHTTPRequest/S3 (1.8.2):
    - ASIHTTPRequest/Core
  - AvoidCrash (2.5.2)
  - AWSCore (2.41.0)
  - AWSS3 (2.41.0):
    - AWSCore (= 2.41.0)
  - CocoaAsyncSocket (7.6.5)
  - CocoaLumberjack/Core (3.9.0)
  - CocoaLumberjack/Swift (3.9.0):
    - CocoaLumberjack/Core
  - DZNEmptyDataSet (1.8.1)
  - EncryptLib (0.1.0)
  - FLAnimatedImage (1.0.17)
  - FMDB (2.7.5):
    - FMDB/standard (= 2.7.5)
  - FMDB/standard (2.7.5)
  - FSPlayer (1.0.2)
  - IQKeyboardManager (6.5.19)
  - JXCategoryView (1.6.1)
  - Kingfisher (8.6.0)
  - libOpenInstallSDK (2.8.6)
  - libwebp (1.5.0):
    - libwebp/demux (= 1.5.0)
    - libwebp/mux (= 1.5.0)
    - libwebp/sharpyuv (= 1.5.0)
    - libwebp/webp (= 1.5.0)
  - libwebp/demux (1.5.0):
    - libwebp/webp
  - libwebp/mux (1.5.0):
    - libwebp/demux
  - libwebp/sharpyuv (1.5.0)
  - libwebp/webp (1.5.0):
    - libwebp/sharpyuv
  - LiveKitClient (1.0.8):
    - Logging
    - PromisesSwift
    - SwiftProtobuf
    - WebRTC-SDK (~> 104.5112.07)
  - LLDebugTool (1.3.8.1):
    - LLDebugTool/AppInfo (= 1.3.8.1)
    - LLDebugTool/Core (= 1.3.8.1)
    - LLDebugTool/Crash (= 1.3.8.1)
    - LLDebugTool/Hierarchy (= 1.3.8.1)
    - LLDebugTool/Html (= 1.3.8.1)
    - LLDebugTool/Location (= 1.3.8.1)
    - LLDebugTool/Log (= 1.3.8.1)
    - LLDebugTool/Magnifier (= 1.3.8.1)
    - LLDebugTool/Network (= 1.3.8.1)
    - LLDebugTool/Ruler (= 1.3.8.1)
    - LLDebugTool/Sandbox (= 1.3.8.1)
    - LLDebugTool/Screenshot (= 1.3.8.1)
    - LLDebugTool/ShortCut (= 1.3.8.1)
    - LLDebugTool/Storage (= 1.3.8.1)
    - LLDebugTool/WidgetBorder (= 1.3.8.1)
  - LLDebugTool/AppInfo (1.3.8.1):
    - LLDebugTool/Core
  - LLDebugTool/Core (1.3.8.1)
  - LLDebugTool/Crash (1.3.8.1):
    - LLDebugTool/Storage
  - LLDebugTool/Hierarchy (1.3.8.1):
    - LLDebugTool/Core
  - LLDebugTool/Html (1.3.8.1):
    - LLDebugTool/Core
  - LLDebugTool/Location (1.3.8.1):
    - LLDebugTool/Core
  - LLDebugTool/Log (1.3.8.1):
    - LLDebugTool/Storage
  - LLDebugTool/Magnifier (1.3.8.1):
    - LLDebugTool/Core
  - LLDebugTool/Network (1.3.8.1):
    - LLDebugTool/Storage
  - LLDebugTool/Ruler (1.3.8.1):
    - LLDebugTool/Core
  - LLDebugTool/Sandbox (1.3.8.1):
    - LLDebugTool/Core
  - LLDebugTool/Screenshot (1.3.8.1):
    - LLDebugTool/Core
  - LLDebugTool/ShortCut (1.3.8.1):
    - LLDebugTool/Core
  - LLDebugTool/Storage (1.3.8.1):
    - FMDB (~> 2.0)
    - LLDebugTool/Core
  - LLDebugTool/WidgetBorder (1.3.8.1):
    - LLDebugTool/Core
  - LocalLogLib (0.1.0):
    - CocoaLumberjack/Swift
  - Logan (1.2.8):
    - Logan/mbedtls (= 1.2.8)
  - Logan/mbedtls (1.2.8)
  - Logging (1.4.0)
  - Masonry (1.1.0)
  - MBProgressHUD (1.2.0)
  - MJExtension (3.4.0)
  - MJRefresh (3.7.5)
  - MMKV (1.2.16):
    - MMKVCore (~> 1.2.16)
  - MMKVCore (1.2.16)
  - NetworkStatus (1.0.0)
  - NullSafe (2.0)
  - PromisesObjC (2.4.0)
  - PromisesSwift (2.4.0):
    - PromisesObjC (= 2.4.0)
  - Protobuf (3.21.5)
  - QCloudCore (6.4.8):
    - QCloudCore/Default (= 6.4.8)
  - QCloudCore/Default (6.4.8):
    - QCloudTrack/Beacon (= 6.4.8)
  - QCloudCOSXML (6.4.8):
    - QCloudCOSXML/Default (= 6.4.8)
  - QCloudCOSXML/Default (6.4.8):
    - QCloudCore (= 6.4.8)
  - QCloudTrack/Beacon (6.4.8)
  - Reachability (3.7.6)
  - ReactiveObjC (3.1.1)
  - SAMKeychain (1.5.3)
  - SDWebImage (5.20.0):
    - SDWebImage/Core (= 5.20.0)
  - SDWebImage/Core (5.20.0)
  - SDWebImageFLPlugin (0.6.0):
    - FLAnimatedImage (>= 1.0.11)
    - SDWebImage/Core (~> 5.10)
  - SDWebImageSVGCoder (1.6.1):
    - SDWebImage/Core (~> 5.6)
  - SDWebImageWebPCoder (0.9.1):
    - libwebp (~> 1.0)
    - SDWebImage/Core (~> 5.13)
  - Sentry (8.48.0):
    - Sentry/Core (= 8.48.0)
  - Sentry/Core (8.48.0)
  - SnapKit (5.6.0)
  - SocketRocket (0.6.0)
  - SVProgressHUD (2.3.1):
    - SVProgressHUD/Core (= 2.3.1)
  - SVProgressHUD/Core (2.3.1)
  - SwiftProtobuf (1.32.0)
  - SwiftyJSON (5.0.2)
  - TKThemeConfig (0.1.2)
  - TXLiteAVSDK_Player (7.6.9355)
  - WebRTC-SDK (104.5112.17)
  - ZegoExpressEngine (3.5.0)

DEPENDENCIES:
  - AFNetworking (= 4.0.1)
  - Alamofire (~> 5.0)
  - AlicloudPDNS (= 2.1.9)
  - AliyunOSSiOS
  - ASIHTTPRequest (= 1.8.2)
  - AvoidCrash (= 2.5.2)
  - AWSS3
  - CocoaAsyncSocket (= 7.6.5)
  - DZNEmptyDataSet (= 1.8.1)
  - EncryptLib (from `./EncryptLib/EncryptLib.podspec`)
  - FMDB (= 2.7.5)
  - FSPlayer (from `https://github.com/debugly/fsplayer/releases/download/1.0.2/FSPlayer.spec.json`)
  - IQKeyboardManager
  - JXCategoryView (= 1.6.1)
  - Kingfisher
  - libOpenInstallSDK
  - LiveKitClient (= 1.0.8)
  - LLDebugTool
  - LocalLogLib (from `./LocalLogLib/LocalLogLib.podspec`)
  - Logan (= 1.2.8)
  - Masonry (= 1.1.0)
  - MBProgressHUD (= 1.2.0)
  - MJExtension (= 3.4.0)
  - MJRefresh (= 3.7.5)
  - MMKV (= 1.2.16)
  - NetworkStatus (from `./NetWorkStatus/NetWorkStatus.podspec`)
  - NullSafe (= 2.0)
  - NullSafe (~> 2.0)
  - Protobuf (= 3.21.5)
  - QCloudCOSXML (= 6.4.8)
  - ReactiveObjC
  - SAMKeychain (= 1.5.3)
  - SDWebImage (= 5.20.0)
  - SDWebImageFLPlugin
  - SDWebImageSVGCoder (= 1.6.1)
  - SDWebImageWebPCoder (= 0.9.1)
  - Sentry (from `https://github.com/getsentry/sentry-cocoa.git`, tag `8.48.0`)
  - SnapKit (= 5.6.0)
  - SocketRocket (= 0.6.0)
  - SVProgressHUD
  - SwiftyJSON (~> 5.0)
  - TKThemeConfig (from `./TKThemeConfig/TKThemeConfig.podspec`)
  - TXLiteAVSDK_Player (= 7.6.9355)
  - ZegoExpressEngine (= 3.5.0)

SPEC REPOS:
  https://github.com/aliyun/aliyun-specs.git:
    - AlicloudPDNS
  https://github.com/CocoaPods/Specs:
    - AFNetworking
    - Alamofire
    - AliyunOSSiOS
    - ASIHTTPRequest
    - AvoidCrash
    - AWSCore
    - AWSS3
    - CocoaAsyncSocket
    - CocoaLumberjack
    - DZNEmptyDataSet
    - FLAnimatedImage
    - FMDB
    - IQKeyboardManager
    - JXCategoryView
    - Kingfisher
    - libOpenInstallSDK
    - libwebp
    - LiveKitClient
    - LLDebugTool
    - Logan
    - Logging
    - Masonry
    - MBProgressHUD
    - MJExtension
    - MJRefresh
    - MMKV
    - MMKVCore
    - NullSafe
    - PromisesObjC
    - PromisesSwift
    - Protobuf
    - QCloudCore
    - QCloudCOSXML
    - QCloudTrack
    - Reachability
    - ReactiveObjC
    - SAMKeychain
    - SDWebImage
    - SDWebImageFLPlugin
    - SDWebImageSVGCoder
    - SDWebImageWebPCoder
    - SnapKit
    - SocketRocket
    - SVProgressHUD
    - SwiftProtobuf
    - SwiftyJSON
    - TXLiteAVSDK_Player
    - WebRTC-SDK
    - ZegoExpressEngine

EXTERNAL SOURCES:
  EncryptLib:
    :path: "./EncryptLib/EncryptLib.podspec"
  FSPlayer:
    :podspec: https://github.com/debugly/fsplayer/releases/download/1.0.2/FSPlayer.spec.json
  LocalLogLib:
    :path: "./LocalLogLib/LocalLogLib.podspec"
  NetworkStatus:
    :path: "./NetWorkStatus/NetWorkStatus.podspec"
  Sentry:
    :git: https://github.com/getsentry/sentry-cocoa.git
    :tag: 8.48.0
  TKThemeConfig:
    :path: "./TKThemeConfig/TKThemeConfig.podspec"

CHECKOUT OPTIONS:
  Sentry:
    :git: https://github.com/getsentry/sentry-cocoa.git
    :tag: 8.48.0

SPEC CHECKSUMS:
  AFNetworking: 3bd23d814e976cd148d7d44c3ab78017b744cd58
  Alamofire: 7193b3b92c74a07f85569e1a6c4f4237291e7496
  AlicloudPDNS: 6eda4d8af312b1e0824a58d97a2f5edf71531186
  AliyunOSSiOS: 6d6b668b82ac0c0ea2313412bcb5530b42ec97ab
  ASIHTTPRequest: ec013992946676b7978dcbde6396d57312d21db4
  AvoidCrash: 28c6916fe19bd2b84126b8dec7cbe61c9a12741d
  AWSCore: ee7594bda3132cde8666328bf9a09d8770c1c100
  AWSS3: 50da7408a26c1c2886d02968807f2a0b6bf936ca
  CocoaAsyncSocket: 065fd1e645c7abab64f7a6a2007a48038fdc6a99
  CocoaLumberjack: 5644158777912b7de7469fa881f8a3f259c2512a
  DZNEmptyDataSet: 9525833b9e68ac21c30253e1d3d7076cc828eaa7
  EncryptLib: 4c95879c3b2c5dda0155c0c7c960e79d7a7f2158
  FLAnimatedImage: bbf914596368867157cc71b38a8ec834b3eeb32b
  FMDB: 2ce00b547f966261cd18927a3ddb07cb6f3db82a
  FSPlayer: e4e639e111c90f69c31fe480509fcf49b610e3dd
  IQKeyboardManager: c8665b3396bd0b79402b4c573eac345a31c7d485
  JXCategoryView: 7b1ee69ede4843c581688afe84d0f047723262f2
  Kingfisher: 64278f126a815d0e2d391cdf71311b85882c4de0
  libOpenInstallSDK: 4473c8a86c6f2a31147cbcbc63ab5fa9479c78ce
  libwebp: 02b23773aedb6ff1fd38cec7a77b81414c6842a8
  LiveKitClient: e4c5d63cd7633a5006058f27ccfddd914c5fa592
  LLDebugTool: 6026a1df690f5f94524567fce7f97fa53ce131d8
  LocalLogLib: 6addee4ced3472422d5ead85648c7989e6ea442d
  Logan: ebf5903e126bed07b5e5367fbcf868fd0721f1fd
  Logging: beeb016c9c80cf77042d62e83495816847ef108b
  Masonry: 678fab65091a9290e40e2832a55e7ab731aad201
  MBProgressHUD: 3ee5efcc380f6a79a7cc9b363dd669c5e1ae7406
  MJExtension: 6c15c7b93398447252c0defdb8d69d02d218a41e
  MJRefresh: fdf5e979eb406a0341468932d1dfc8b7f9fce961
  MMKV: 784471ce430a2e2d16afef9053d63fab1b357d9e
  MMKVCore: 9cfef4c48c6c46f66226fc2e4634d78490206a48
  NetworkStatus: f54a8da5de43b6aca03f3c4c4565b3bda1a37c32
  NullSafe: 948feba938f03abede5ed3758694a9fe5b3a65ce
  PromisesObjC: f5707f49cb48b9636751c5b2e7d227e43fba9f47
  PromisesSwift: 9d77319bbe72ebf6d872900551f7eeba9bce2851
  Protobuf: 7504b04fffcf6662ad629694db8231f5e744327f
  QCloudCore: 11cecc286015fe2efb2a5da52ccdfff9da40e4e7
  QCloudCOSXML: 69aa55501c9ff2a3fbfaf2a40558996acb4b3df9
  QCloudTrack: 6e6f92f8d83afa2d5a42c5e476d68eced20d027f
  Reachability: fd0ecd23705e2599e4cceeb943222ae02296cbc6
  ReactiveObjC: 011caa393aa0383245f2dcf9bf02e86b80b36040
  SAMKeychain: 483e1c9f32984d50ca961e26818a534283b4cd5c
  SDWebImage: 73c6079366fea25fa4bb9640d5fb58f0893facd8
  SDWebImageFLPlugin: 72efd2cfbf565bc438421abb426f4bcf7b670754
  SDWebImageSVGCoder: 6fc109f9c2a82ab44510fff410b88b1a6c271ee8
  SDWebImageWebPCoder: 18503de6621dd2c420d680e33d46bf8e1d5169b0
  Sentry: 1ca8405451040482877dcd344dfa3ef80b646631
  SnapKit: e01d52ebb8ddbc333eefe2132acf85c8227d9c25
  SocketRocket: fccef3f9c5cedea1353a9ef6ada904fde10d6608
  SVProgressHUD: 4837c74bdfe2e51e8821c397825996a8d7de6e22
  SwiftProtobuf: 81e341191afbddd64aa031bd12862dccfab2f639
  SwiftyJSON: f5b1bf1cd8dd53cd25887ac0eabcfd92301c6a5a
  TKThemeConfig: a3275b78e276af9b9feabe6ef9dd1a2bc3cf0d52
  TXLiteAVSDK_Player: a96437245dfb7644727c17ad6cd8d86ba9465186
  WebRTC-SDK: 082ae4893212534a779ca233f19a9df8efd5f3bd
  ZegoExpressEngine: 2585b5782f7ad0b837beabb9cdb758d6a64fff73

PODFILE CHECKSUM: 519ca3a7fa78eb44b99d36886eeec11d827a5f21

COCOAPODS: 1.16.2
